
Microsoft Visual Studio Solution File, Format Version 12.00
# Visual Studio Version 17
VisualStudioVersion = 17.5.33530.505
MinimumVisualStudioVersion = 10.0.40219.1
Project("{FAE04EC0-301F-11D3-BF4B-00C04F79EFBC}") = "SagaPattern.Choreography.CatalogApi", "SagaPattern.CatalogApi\SagaPattern.Choreography.CatalogApi.csproj", "{84A2C865-AF18-4FED-9007-05E5AC1AE953}"
EndProject
Project("{FAE04EC0-301F-11D3-BF4B-00C04F79EFBC}") = "SagaPattern.Choreography.OrderApi", "SagaPattern.OrderApi\SagaPattern.Choreography.OrderApi.csproj", "{05D990CF-C259-40AB-8286-E1C389FFB1E4}"
EndProject
Project("{FAE04EC0-301F-11D3-BF4B-00C04F79EFBC}") = "SagaPattern.Choreography.Shared", "SagaPattern.Shared\SagaPattern.Choreography.Shared.csproj", "{3078968C-2310-47F2-BAF2-CBDC2403D5BB}"
EndProject
Global
	GlobalSection(SolutionConfigurationPlatforms) = preSolution
		Debug|Any CPU = Debug|Any CPU
		Release|Any CPU = Release|Any CPU
	EndGlobalSection
	GlobalSection(ProjectConfigurationPlatforms) = postSolution
		{84A2C865-AF18-4FED-9007-05E5AC1AE953}.Debug|Any CPU.ActiveCfg = Debug|Any CPU
		{84A2C865-AF18-4FED-9007-05E5AC1AE953}.Debug|Any CPU.Build.0 = Debug|Any CPU
		{84A2C865-AF18-4FED-9007-05E5AC1AE953}.Release|Any CPU.ActiveCfg = Release|Any CPU
		{84A2C865-AF18-4FED-9007-05E5AC1AE953}.Release|Any CPU.Build.0 = Release|Any CPU
		{05D990CF-C259-40AB-8286-E1C389FFB1E4}.Debug|Any CPU.ActiveCfg = Debug|Any CPU
		{05D990CF-C259-40AB-8286-E1C389FFB1E4}.Debug|Any CPU.Build.0 = Debug|Any CPU
		{05D990CF-C259-40AB-8286-E1C389FFB1E4}.Release|Any CPU.ActiveCfg = Release|Any CPU
		{05D990CF-C259-40AB-8286-E1C389FFB1E4}.Release|Any CPU.Build.0 = Release|Any CPU
		{3078968C-2310-47F2-BAF2-CBDC2403D5BB}.Debug|Any CPU.ActiveCfg = Debug|Any CPU
		{3078968C-2310-47F2-BAF2-CBDC2403D5BB}.Debug|Any CPU.Build.0 = Debug|Any CPU
		{3078968C-2310-47F2-BAF2-CBDC2403D5BB}.Release|Any CPU.ActiveCfg = Release|Any CPU
		{3078968C-2310-47F2-BAF2-CBDC2403D5BB}.Release|Any CPU.Build.0 = Release|Any CPU
	EndGlobalSection
	GlobalSection(SolutionProperties) = preSolution
		HideSolutionNode = FALSE
	EndGlobalSection
	GlobalSection(ExtensibilityGlobals) = postSolution
		SolutionGuid = {D16A0CC9-1A26-4C7E-8CA0-ABDBB22B98F7}
	EndGlobalSection
EndGlobal
